// !$*UTF8*$!
{
	archiveVersion = 1;
	classes = {
	};
	objectVersion = 77;
	objects = {

/* Begin PBXContainerItemProxy section */
		530E62AC2DEE932000D82040 /* PBXContainerItemProxy */ = {
			isa = PBXContainerItemProxy;
			containerPortal = 530E62932DEE931E00D82040 /* Project object */;
			proxyType = 1;
			remoteGlobalIDString = 530E629A2DEE931E00D82040;
			remoteInfo = UniversityNavigator;
		};
		530E62B62DEE932000D82040 /* PBXContainerItemProxy */ = {
			isa = PBXContainerItemProxy;
			containerPortal = 530E62932DEE931E00D82040 /* Project object */;
			proxyType = 1;
			remoteGlobalIDString = 530E629A2DEE931E00D82040;
			remoteInfo = UniversityNavigator;
		};
/* End PBXContainerItemProxy section */

/* Begin PBXFileReference section */
		530E629B2DEE931E00D82040 /* UniversityNavigator.app */ = {isa = PBXFileReference; explicitFileType = wrapper.application; includeInIndex = 0; path = UniversityNavigator.app; sourceTree = BUILT_PRODUCTS_DIR; };
		530E62AB2DEE932000D82040 /* UniversityNavigatorTests.xctest */ = {isa = PBXFileReference; explicitFileType = wrapper.cfbundle; includeInIndex = 0; path = UniversityNavigatorTests.xctest; sourceTree = BUILT_PRODUCTS_DIR; };
		530E62B52DEE932000D82040 /* UniversityNavigatorUITests.xctest */ = {isa = PBXFileReference; explicitFileType = wrapper.cfbundle; includeInIndex = 0; path = UniversityNavigatorUITests.xctest; sourceTree = BUILT_PRODUCTS_DIR; };
/* End PBXFileReference section */

/* Begin PBXFileSystemSynchronizedBuildFileExceptionSet section */
		530D24DF2DF08B1400419EA1 /* Exceptions for "UniversityNavigator" folder in "UniversityNavigatorTests" target */ = {
			isa = PBXFileSystemSynchronizedBuildFileExceptionSet;
			membershipExceptions = (
				Assets/Amaricano.jpg,
				Assets/EzoneCafe.png,
				Assets/FishPie.jpg,
				Assets/FlavouredMilk.jpg,
				Assets/FriedRice.jpg,
				Assets/HotChips.jpg,
				Assets/IcedCoffee.jpg,
				Assets/InstantNoodles.jpg,
				Assets/logo.png,
				Assets/Nescafe.jpg,
				Assets/Pancake.jpg,
				Assets/Pasta.jpg,
				Assets/RiceandCurry.jpg,
				Assets/SaladPlate.jpg,
				Assets/Samosa.jpg,
				Assets/Sandwich.jpg,
				Assets/SausageBun.jpg,
			);
			target = 530E62AA2DEE932000D82040 /* UniversityNavigatorTests */;
		};
		530D24E02DF08B1400419EA1 /* Exceptions for "UniversityNavigator" folder in "UniversityNavigatorUITests" target */ = {
			isa = PBXFileSystemSynchronizedBuildFileExceptionSet;
			membershipExceptions = (
				Assets/Amaricano.jpg,
				Assets/EzoneCafe.png,
				Assets/FishPie.jpg,
				Assets/FlavouredMilk.jpg,
				Assets/FriedRice.jpg,
				Assets/HotChips.jpg,
				Assets/IcedCoffee.jpg,
				Assets/InstantNoodles.jpg,
				Assets/logo.png,
				Assets/Nescafe.jpg,
				Assets/Pancake.jpg,
				Assets/Pasta.jpg,
				Assets/RiceandCurry.jpg,
				Assets/SaladPlate.jpg,
				Assets/Samosa.jpg,
				Assets/Sandwich.jpg,
				Assets/SausageBun.jpg,
			);
			target = 530E62B42DEE932000D82040 /* UniversityNavigatorUITests */;
		};
/* End PBXFileSystemSynchronizedBuildFileExceptionSet section */

/* Begin PBXFileSystemSynchronizedRootGroup section */
		530E629D2DEE931E00D82040 /* UniversityNavigator */ = {
			isa = PBXFileSystemSynchronizedRootGroup;
			exceptions = (
				530D24DF2DF08B1400419EA1 /* Exceptions for "UniversityNavigator" folder in "UniversityNavigatorTests" target */,
				530D24E02DF08B1400419EA1 /* Exceptions for "UniversityNavigator" folder in "UniversityNavigatorUITests" target */,
			);
			path = UniversityNavigator;
			sourceTree = "<group>";
		};
		530E62AE2DEE932000D82040 /* UniversityNavigatorTests */ = {
			isa = PBXFileSystemSynchronizedRootGroup;
			path = UniversityNavigatorTests;
			sourceTree = "<group>";
		};
		530E62B82DEE932000D82040 /* UniversityNavigatorUITests */ = {
			isa = PBXFileSystemSynchronizedRootGroup;
			path = UniversityNavigatorUITests;
			sourceTree = "<group>";
		};
/* End PBXFileSystemSynchronizedRootGroup section */

/* Begin PBXFrameworksBuildPhase section */
		530E62982DEE931E00D82040 /* Frameworks */ = {
			isa = PBXFrameworksBuildPhase;
			buildActionMask = 2147483647;
			files = (
			);
			runOnlyForDeploymentPostprocessing = 0;
		};
		530E62A82DEE932000D82040 /* Frameworks */ = {
			isa = PBXFrameworksBuildPhase;
			buildActionMask = 2147483647;
			files = (
			);
			runOnlyForDeploymentPostprocessing = 0;
		};
		530E62B22DEE932000D82040 /* Frameworks */ = {
			isa = PBXFrameworksBuildPhase;
			buildActionMask = 2147483647;
			files = (
			);
			runOnlyForDeploymentPostprocessing = 0;
		};
/* End PBXFrameworksBuildPhase section */

/* Begin PBXGroup section */
		530E62922DEE931E00D82040 = {
			isa = PBXGroup;
			children = (
				530E629D2DEE931E00D82040 /* UniversityNavigator */,
				530E62AE2DEE932000D82040 /* UniversityNavigatorTests */,
				530E62B82DEE932000D82040 /* UniversityNavigatorUITests */,
				530E629C2DEE931E00D82040 /* Products */,
			);
			sourceTree = "<group>";
		};
		530E629C2DEE931E00D82040 /* Products */ = {
			isa = PBXGroup;
			children = (
				530E629B2DEE931E00D82040 /* UniversityNavigator.app */,
				530E62AB2DEE932000D82040 /* UniversityNavigatorTests.xctest */,
				530E62B52DEE932000D82040 /* UniversityNavigatorUITests.xctest */,
			);
			name = Products;
			sourceTree = "<group>";
		};
/* End PBXGroup section */

/* Begin PBXNativeTarget section */
		530E629A2DEE931E00D82040 /* UniversityNavigator */ = {
			isa = PBXNativeTarget;
			buildConfigurationList = 530E62BF2DEE932000D82040 /* Build configuration list for PBXNativeTarget "UniversityNavigator" */;
			buildPhases = (
				530E62972DEE931E00D82040 /* Sources */,
				530E62982DEE931E00D82040 /* Frameworks */,
				530E62992DEE931E00D82040 /* Resources */,
			);
			buildRules = (
			);
			dependencies = (
			);
			fileSystemSynchronizedGroups = (
				530E629D2DEE931E00D82040 /* UniversityNavigator */,
			);
			name = UniversityNavigator;
			packageProductDependencies = (
			);
			productName = UniversityNavigator;
			productReference = 530E629B2DEE931E00D82040 /* UniversityNavigator.app */;
			productType = "com.apple.product-type.application";
		};
		530E62AA2DEE932000D82040 /* UniversityNavigatorTests */ = {
			isa = PBXNativeTarget;
			buildConfigurationList = 530E62C22DEE932000D82040 /* Build configuration list for PBXNativeTarget "UniversityNavigatorTests" */;
			buildPhases = (
				530E62A72DEE932000D82040 /* Sources */,
				530E62A82DEE932000D82040 /* Frameworks */,
				530E62A92DEE932000D82040 /* Resources */,
			);
			buildRules = (
			);
			dependencies = (
				530E62AD2DEE932000D82040 /* PBXTargetDependency */,
			);
			fileSystemSynchronizedGroups = (
				530E62AE2DEE932000D82040 /* UniversityNavigatorTests */,
			);
			name = UniversityNavigatorTests;
			packageProductDependencies = (
			);
			productName = UniversityNavigatorTests;
			productReference = 530E62AB2DEE932000D82040 /* UniversityNavigatorTests.xctest */;
			productType = "com.apple.product-type.bundle.unit-test";
		};
		530E62B42DEE932000D82040 /* UniversityNavigatorUITests */ = {
			isa = PBXNativeTarget;
			buildConfigurationList = 530E62C52DEE932000D82040 /* Build configuration list for PBXNativeTarget "UniversityNavigatorUITests" */;
			buildPhases = (
				530E62B12DEE932000D82040 /* Sources */,
				530E62B22DEE932000D82040 /* Frameworks */,
				530E62B32DEE932000D82040 /* Resources */,
			);
			buildRules = (
			);
			dependencies = (
				530E62B72DEE932000D82040 /* PBXTargetDependency */,
			);
			fileSystemSynchronizedGroups = (
				530E62B82DEE932000D82040 /* UniversityNavigatorUITests */,
			);
			name = UniversityNavigatorUITests;
			packageProductDependencies = (
			);
			productName = UniversityNavigatorUITests;
			productReference = 530E62B52DEE932000D82040 /* UniversityNavigatorUITests.xctest */;
			productType = "com.apple.product-type.bundle.ui-testing";
		};
/* End PBXNativeTarget section */

/* Begin PBXProject section */
		530E62932DEE931E00D82040 /* Project object */ = {
			isa = PBXProject;
			attributes = {
				BuildIndependentTargetsInParallel = 1;
				LastSwiftUpdateCheck = 1620;
				LastUpgradeCheck = 1620;
				TargetAttributes = {
					530E629A2DEE931E00D82040 = {
						CreatedOnToolsVersion = 16.2;
					};
					530E62AA2DEE932000D82040 = {
						CreatedOnToolsVersion = 16.2;
						TestTargetID = 530E629A2DEE931E00D82040;
					};
					530E62B42DEE932000D82040 = {
						CreatedOnToolsVersion = 16.2;
						TestTargetID = 530E629A2DEE931E00D82040;
					};
				};
			};
			buildConfigurationList = 530E62962DEE931E00D82040 /* Build configuration list for PBXProject "UniversityNavigator" */;
			developmentRegion = en;
			hasScannedForEncodings = 0;
			knownRegions = (
				en,
				Base,
			);
			mainGroup = 530E62922DEE931E00D82040;
			minimizedProjectReferenceProxies = 1;
			preferredProjectObjectVersion = 77;
			productRefGroup = 530E629C2DEE931E00D82040 /* Products */;
			projectDirPath = "";
			projectRoot = "";
			targets = (
				530E629A2DEE931E00D82040 /* UniversityNavigator */,
				530E62AA2DEE932000D82040 /* UniversityNavigatorTests */,
				530E62B42DEE932000D82040 /* UniversityNavigatorUITests */,
			);
		};
/* End PBXProject section */

/* Begin PBXResourcesBuildPhase section */
		530E62992DEE931E00D82040 /* Resources */ = {
			isa = PBXResourcesBuildPhase;
			buildActionMask = 2147483647;
			files = (
			);
			runOnlyForDeploymentPostprocessing = 0;
		};
		530E62A92DEE932000D82040 /* Resources */ = {
			isa = PBXResourcesBuildPhase;
			buildActionMask = 2147483647;
			files = (
			);
			runOnlyForDeploymentPostprocessing = 0;
		};
		530E62B32DEE932000D82040 /* Resources */ = {
			isa = PBXResourcesBuildPhase;
			buildActionMask = 2147483647;
			files = (
			);
			runOnlyForDeploymentPostprocessing = 0;
		};
/* End PBXResourcesBuildPhase section */

/* Begin PBXSourcesBuildPhase section */
		530E62972DEE931E00D82040 /* Sources */ = {
			isa = PBXSourcesBuildPhase;
			buildActionMask = 2147483647;
			files = (
			);
			runOnlyForDeploymentPostprocessing = 0;
		};
		530E62A72DEE932000D82040 /* Sources */ = {
			isa = PBXSourcesBuildPhase;
			buildActionMask = 2147483647;
			files = (
			);
			runOnlyForDeploymentPostprocessing = 0;
		};
		530E62B12DEE932000D82040 /* Sources */ = {
			isa = PBXSourcesBuildPhase;
			buildActionMask = 2147483647;
			files = (
			);
			runOnlyForDeploymentPostprocessing = 0;
		};
/* End PBXSourcesBuildPhase section */

/* Begin PBXTargetDependency section */
		530E62AD2DEE932000D82040 /* PBXTargetDependency */ = {
			isa = PBXTargetDependency;
			target = 530E629A2DEE931E00D82040 /* UniversityNavigator */;
			targetProxy = 530E62AC2DEE932000D82040 /* PBXContainerItemProxy */;
		};
		530E62B72DEE932000D82040 /* PBXTargetDependency */ = {
			isa = PBXTargetDependency;
			target = 530E629A2DEE931E00D82040 /* UniversityNavigator */;
			targetProxy = 530E62B62DEE932000D82040 /* PBXContainerItemProxy */;
		};
/* End PBXTargetDependency section */

/* Begin XCBuildConfiguration section */
		530E62BD2DEE932000D82040 /* Debug */ = {
			isa = XCBuildConfiguration;
			buildSettings = {
				ALWAYS_SEARCH_USER_PATHS = NO;
				ASSETCATALOG_COMPILER_GENERATE_SWIFT_ASSET_SYMBOL_EXTENSIONS = YES;
				CLANG_ANALYZER_NONNULL = YES;
				CLANG_ANALYZER_NUMBER_OBJECT_CONVERSION = YES_AGGRESSIVE;
				CLANG_CXX_LANGUAGE_STANDARD = "gnu++20";
				CLANG_ENABLE_MODULES = YES;
				CLANG_ENABLE_OBJC_ARC = YES;
				CLANG_ENABLE_OBJC_WEAK = YES;
				CLANG_WARN_BLOCK_CAPTURE_AUTORELEASING = YES;
				CLANG_WARN_BOOL_CONVERSION = YES;
				CLANG_WARN_COMMA = YES;
				CLANG_WARN_CONSTANT_CONVERSION = YES;
				CLANG_WARN_DEPRECATED_OBJC_IMPLEMENTATIONS = YES;
				CLANG_WARN_DIRECT_OBJC_ISA_USAGE = YES_ERROR;
				CLANG_WARN_DOCUMENTATION_COMMENTS = YES;
				CLANG_WARN_EMPTY_BODY = YES;
				CLANG_WARN_ENUM_CONVERSION = YES;
				CLANG_WARN_INFINITE_RECURSION = YES;
				CLANG_WARN_INT_CONVERSION = YES;
				CLANG_WARN_NON_LITERAL_NULL_CONVERSION = YES;
				CLANG_WARN_OBJC_IMPLICIT_RETAIN_SELF = YES;
				CLANG_WARN_OBJC_LITERAL_CONVERSION = YES;
				CLANG_WARN_OBJC_ROOT_CLASS = YES_ERROR;
				CLANG_WARN_QUOTED_INCLUDE_IN_FRAMEWORK_HEADER = YES;
				CLANG_WARN_RANGE_LOOP_ANALYSIS = YES;
				CLANG_WARN_STRICT_PROTOTYPES = YES;
				CLANG_WARN_SUSPICIOUS_MOVE = YES;
				CLANG_WARN_UNGUARDED_AVAILABILITY = YES_AGGRESSIVE;
				CLANG_WARN_UNREACHABLE_CODE = YES;
				CLANG_WARN__DUPLICATE_METHOD_MATCH = YES;
				COPY_PHASE_STRIP = NO;
				DEBUG_INFORMATION_FORMAT = dwarf;
				ENABLE_STRICT_OBJC_MSGSEND = YES;
				ENABLE_TESTABILITY = YES;
				ENABLE_USER_SCRIPT_SANDBOXING = YES;
				GCC_C_LANGUAGE_STANDARD = gnu17;
				GCC_DYNAMIC_NO_PIC = NO;
				GCC_NO_COMMON_BLOCKS = YES;
				GCC_OPTIMIZATION_LEVEL = 0;
				GCC_PREPROCESSOR_DEFINITIONS = (
					"DEBUG=1",
					"$(inherited)",
				);
				GCC_WARN_64_TO_32_BIT_CONVERSION = YES;
				GCC_WARN_ABOUT_RETURN_TYPE = YES_ERROR;
				GCC_WARN_UNDECLARED_SELECTOR = YES;
				GCC_WARN_UNINITIALIZED_AUTOS = YES_AGGRESSIVE;
				GCC_WARN_UNUSED_FUNCTION = YES;
				GCC_WARN_UNUSED_VARIABLE = YES;
				IPHONEOS_DEPLOYMENT_TARGET = 18.2;
				LOCALIZATION_PREFERS_STRING_CATALOGS = YES;
				MTL_ENABLE_DEBUG_INFO = INCLUDE_SOURCE;
				MTL_FAST_MATH = YES;
				ONLY_ACTIVE_ARCH = YES;
				SDKROOT = iphoneos;
				SWIFT_ACTIVE_COMPILATION_CONDITIONS = "DEBUG $(inherited)";
				SWIFT_OPTIMIZATION_LEVEL = "-Onone";
			};
			name = Debug;
		};
		530E62BE2DEE932000D82040 /* Release */ = {
			isa = XCBuildConfiguration;
			buildSettings = {
				ALWAYS_SEARCH_USER_PATHS = NO;
				ASSETCATALOG_COMPILER_GENERATE_SWIFT_ASSET_SYMBOL_EXTENSIONS = YES;
				CLANG_ANALYZER_NONNULL = YES;
				CLANG_ANALYZER_NUMBER_OBJECT_CONVERSION = YES_AGGRESSIVE;
				CLANG_CXX_LANGUAGE_STANDARD = "gnu++20";
				CLANG_ENABLE_MODULES = YES;
				CLANG_ENABLE_OBJC_ARC = YES;
				CLANG_ENABLE_OBJC_WEAK = YES;
				CLANG_WARN_BLOCK_CAPTURE_AUTORELEASING = YES;
				CLANG_WARN_BOOL_CONVERSION = YES;
				CLANG_WARN_COMMA = YES;
				CLANG_WARN_CONSTANT_CONVERSION = YES;
				CLANG_WARN_DEPRECATED_OBJC_IMPLEMENTATIONS = YES;
				CLANG_WARN_DIRECT_OBJC_ISA_USAGE = YES_ERROR;
				CLANG_WARN_DOCUMENTATION_COMMENTS = YES;
				CLANG_WARN_EMPTY_BODY = YES;
				CLANG_WARN_ENUM_CONVERSION = YES;
				CLANG_WARN_INFINITE_RECURSION = YES;
				CLANG_WARN_INT_CONVERSION = YES;
				CLANG_WARN_NON_LITERAL_NULL_CONVERSION = YES;
				CLANG_WARN_OBJC_IMPLICIT_RETAIN_SELF = YES;
				CLANG_WARN_OBJC_LITERAL_CONVERSION = YES;
				CLANG_WARN_OBJC_ROOT_CLASS = YES_ERROR;
				CLANG_WARN_QUOTED_INCLUDE_IN_FRAMEWORK_HEADER = YES;
				CLANG_WARN_RANGE_LOOP_ANALYSIS = YES;
				CLANG_WARN_STRICT_PROTOTYPES = YES;
				CLANG_WARN_SUSPICIOUS_MOVE = YES;
				CLANG_WARN_UNGUARDED_AVAILABILITY = YES_AGGRESSIVE;
				CLANG_WARN_UNREACHABLE_CODE = YES;
				CLANG_WARN__DUPLICATE_METHOD_MATCH = YES;
				COPY_PHASE_STRIP = NO;
				DEBUG_INFORMATION_FORMAT = "dwarf-with-dsym";
				ENABLE_NS_ASSERTIONS = NO;
				ENABLE_STRICT_OBJC_MSGSEND = YES;
				ENABLE_USER_SCRIPT_SANDBOXING = YES;
				GCC_C_LANGUAGE_STANDARD = gnu17;
				GCC_NO_COMMON_BLOCKS = YES;
				GCC_WARN_64_TO_32_BIT_CONVERSION = YES;
				GCC_WARN_ABOUT_RETURN_TYPE = YES_ERROR;
				GCC_WARN_UNDECLARED_SELECTOR = YES;
				GCC_WARN_UNINITIALIZED_AUTOS = YES_AGGRESSIVE;
				GCC_WARN_UNUSED_FUNCTION = YES;
				GCC_WARN_UNUSED_VARIABLE = YES;
				IPHONEOS_DEPLOYMENT_TARGET = 18.2;
				LOCALIZATION_PREFERS_STRING_CATALOGS = YES;
				MTL_ENABLE_DEBUG_INFO = NO;
				MTL_FAST_MATH = YES;
				SDKROOT = iphoneos;
				SWIFT_COMPILATION_MODE = wholemodule;
				VALIDATE_PRODUCT = YES;
			};
			name = Release;
		};
		530E62C02DEE932000D82040 /* Debug */ = {
			isa = XCBuildConfiguration;
			buildSettings = {
				ASSETCATALOG_COMPILER_APPICON_NAME = AppIcon;
				ASSETCATALOG_COMPILER_GLOBAL_ACCENT_COLOR_NAME = AccentColor;
				CODE_SIGN_STYLE = Automatic;
				CURRENT_PROJECT_VERSION = 1;
				DEVELOPMENT_ASSET_PATHS = "\"UniversityNavigator/Preview Content\"";
				ENABLE_PREVIEWS = YES;
				GENERATE_INFOPLIST_FILE = YES;
				INFOPLIST_KEY_UIApplicationSceneManifest_Generation = YES;
				INFOPLIST_KEY_UIApplicationSupportsIndirectInputEvents = YES;
				INFOPLIST_KEY_UILaunchScreen_Generation = YES;
				INFOPLIST_KEY_UISupportedInterfaceOrientations_iPad = "UIInterfaceOrientationPortrait UIInterfaceOrientationPortraitUpsideDown UIInterfaceOrientationLandscapeLeft UIInterfaceOrientationLandscapeRight";
				INFOPLIST_KEY_UISupportedInterfaceOrientations_iPhone = "UIInterfaceOrientationPortrait UIInterfaceOrientationLandscapeLeft UIInterfaceOrientationLandscapeRight";
				LD_RUNPATH_SEARCH_PATHS = (
					"$(inherited)",
					"@executable_path/Frameworks",
				);
				MARKETING_VERSION = 1.0;
				PRODUCT_BUNDLE_IDENTIFIER = hashini.UniversityNavigator;
				PRODUCT_NAME = "$(TARGET_NAME)";
				SWIFT_EMIT_LOC_STRINGS = YES;
				SWIFT_VERSION = 5.0;
				TARGETED_DEVICE_FAMILY = "1,2";
			};
			name = Debug;
		};
		530E62C12DEE932000D82040 /* Release */ = {
			isa = XCBuildConfiguration;
			buildSettings = {
				ASSETCATALOG_COMPILER_APPICON_NAME = AppIcon;
				ASSETCATALOG_COMPILER_GLOBAL_ACCENT_COLOR_NAME = AccentColor;
				CODE_SIGN_STYLE = Automatic;
				CURRENT_PROJECT_VERSION = 1;
				DEVELOPMENT_ASSET_PATHS = "\"UniversityNavigator/Preview Content\"";
				ENABLE_PREVIEWS = YES;
				GENERATE_INFOPLIST_FILE = YES;
				INFOPLIST_KEY_UIApplicationSceneManifest_Generation = YES;
				INFOPLIST_KEY_UIApplicationSupportsIndirectInputEvents = YES;
				INFOPLIST_KEY_UILaunchScreen_Generation = YES;
				INFOPLIST_KEY_UISupportedInterfaceOrientations_iPad = "UIInterfaceOrientationPortrait UIInterfaceOrientationPortraitUpsideDown UIInterfaceOrientationLandscapeLeft UIInterfaceOrientationLandscapeRight";
				INFOPLIST_KEY_UISupportedInterfaceOrientations_iPhone = "UIInterfaceOrientationPortrait UIInterfaceOrientationLandscapeLeft UIInterfaceOrientationLandscapeRight";
				LD_RUNPATH_SEARCH_PATHS = (
					"$(inherited)",
					"@executable_path/Frameworks",
				);
				MARKETING_VERSION = 1.0;
				PRODUCT_BUNDLE_IDENTIFIER = hashini.UniversityNavigator;
				PRODUCT_NAME = "$(TARGET_NAME)";
				SWIFT_EMIT_LOC_STRINGS = YES;
				SWIFT_VERSION = 5.0;
				TARGETED_DEVICE_FAMILY = "1,2";
			};
			name = Release;
		};
		530E62C32DEE932000D82040 /* Debug */ = {
			isa = XCBuildConfiguration;
			buildSettings = {
				BUNDLE_LOADER = "$(TEST_HOST)";
				CODE_SIGN_STYLE = Automatic;
				CURRENT_PROJECT_VERSION = 1;
				GENERATE_INFOPLIST_FILE = YES;
				IPHONEOS_DEPLOYMENT_TARGET = 18.2;
				MARKETING_VERSION = 1.0;
				PRODUCT_BUNDLE_IDENTIFIER = hashini.UniversityNavigatorTests;
				PRODUCT_NAME = "$(TARGET_NAME)";
				SWIFT_EMIT_LOC_STRINGS = NO;
				SWIFT_VERSION = 5.0;
				TARGETED_DEVICE_FAMILY = "1,2";
				TEST_HOST = "$(BUILT_PRODUCTS_DIR)/UniversityNavigator.app/$(BUNDLE_EXECUTABLE_FOLDER_PATH)/UniversityNavigator";
			};
			name = Debug;
		};
		530E62C42DEE932000D82040 /* Release */ = {
			isa = XCBuildConfiguration;
			buildSettings = {
				BUNDLE_LOADER = "$(TEST_HOST)";
				CODE_SIGN_STYLE = Automatic;
				CURRENT_PROJECT_VERSION = 1;
				GENERATE_INFOPLIST_FILE = YES;
				IPHONEOS_DEPLOYMENT_TARGET = 18.2;
				MARKETING_VERSION = 1.0;
				PRODUCT_BUNDLE_IDENTIFIER = hashini.UniversityNavigatorTests;
				PRODUCT_NAME = "$(TARGET_NAME)";
				SWIFT_EMIT_LOC_STRINGS = NO;
				SWIFT_VERSION = 5.0;
				TARGETED_DEVICE_FAMILY = "1,2";
				TEST_HOST = "$(BUILT_PRODUCTS_DIR)/UniversityNavigator.app/$(BUNDLE_EXECUTABLE_FOLDER_PATH)/UniversityNavigator";
			};
			name = Release;
		};
		530E62C62DEE932000D82040 /* Debug */ = {
			isa = XCBuildConfiguration;
			buildSettings = {
				CODE_SIGN_STYLE = Automatic;
				CURRENT_PROJECT_VERSION = 1;
				GENERATE_INFOPLIST_FILE = YES;
				MARKETING_VERSION = 1.0;
				PRODUCT_BUNDLE_IDENTIFIER = hashini.UniversityNavigatorUITests;
				PRODUCT_NAME = "$(TARGET_NAME)";
				SWIFT_EMIT_LOC_STRINGS = NO;
				SWIFT_VERSION = 5.0;
				TARGETED_DEVICE_FAMILY = "1,2";
				TEST_TARGET_NAME = UniversityNavigator;
			};
			name = Debug;
		};
		530E62C72DEE932000D82040 /* Release */ = {
			isa = XCBuildConfiguration;
			buildSettings = {
				CODE_SIGN_STYLE = Automatic;
				CURRENT_PROJECT_VERSION = 1;
				GENERATE_INFOPLIST_FILE = YES;
				MARKETING_VERSION = 1.0;
				PRODUCT_BUNDLE_IDENTIFIER = hashini.UniversityNavigatorUITests;
				PRODUCT_NAME = "$(TARGET_NAME)";
				SWIFT_EMIT_LOC_STRINGS = NO;
				SWIFT_VERSION = 5.0;
				TARGETED_DEVICE_FAMILY = "1,2";
				TEST_TARGET_NAME = UniversityNavigator;
			};
			name = Release;
		};
/* End XCBuildConfiguration section */

/* Begin XCConfigurationList section */
		530E62962DEE931E00D82040 /* Build configuration list for PBXProject "UniversityNavigator" */ = {
			isa = XCConfigurationList;
			buildConfigurations = (
				530E62BD2DEE932000D82040 /* Debug */,
				530E62BE2DEE932000D82040 /* Release */,
			);
			defaultConfigurationIsVisible = 0;
			defaultConfigurationName = Release;
		};
		530E62BF2DEE932000D82040 /* Build configuration list for PBXNativeTarget "UniversityNavigator" */ = {
			isa = XCConfigurationList;
			buildConfigurations = (
				530E62C02DEE932000D82040 /* Debug */,
				530E62C12DEE932000D82040 /* Release */,
			);
			defaultConfigurationIsVisible = 0;
			defaultConfigurationName = Release;
		};
		530E62C22DEE932000D82040 /* Build configuration list for PBXNativeTarget "UniversityNavigatorTests" */ = {
			isa = XCConfigurationList;
			buildConfigurations = (
				530E62C32DEE932000D82040 /* Debug */,
				530E62C42DEE932000D82040 /* Release */,
			);
			defaultConfigurationIsVisible = 0;
			defaultConfigurationName = Release;
		};
		530E62C52DEE932000D82040 /* Build configuration list for PBXNativeTarget "UniversityNavigatorUITests" */ = {
			isa = XCConfigurationList;
			buildConfigurations = (
				530E62C62DEE932000D82040 /* Debug */,
				530E62C72DEE932000D82040 /* Release */,
			);
			defaultConfigurationIsVisible = 0;
			defaultConfigurationName = Release;
		};
/* End XCConfigurationList section */
	};
	rootObject = 530E62932DEE931E00D82040 /* Project object */;
}
